
Microsoft Visual Studio Solution File, Format Version 12.00
# Visual Studio 15
VisualStudioVersion = 15.0.28307.1433
MinimumVisualStudioVersion = 10.0.40219.1
Project("{FAE04EC0-301F-11D3-BF4B-00C04F79EFBC}") = "zad5_175962", "zad5_175962\zad5_175962.csproj", "{F224BA52-A89E-494A-8C18-8F7233B4EAFB}"
EndProject
Global
	GlobalSection(SolutionConfigurationPlatforms) = preSolution
		Debug|Any CPU = Debug|Any CPU
		Release|Any CPU = Release|Any CPU
	EndGlobalSection
	GlobalSection(ProjectConfigurationPlatforms) = postSolution
		{F224BA52-A89E-494A-8C18-8F7233B4EAFB}.Debug|Any CPU.ActiveCfg = Debug|Any CPU
		{F224BA52-A89E-494A-8C18-8F7233B4EAFB}.Debug|Any CPU.Build.0 = Debug|Any CPU
		{F224BA52-A89E-494A-8C18-8F7233B4EAFB}.Release|Any CPU.ActiveCfg = Release|Any CPU
		{F224BA52-A89E-494A-8C18-8F7233B4EAFB}.Release|Any CPU.Build.0 = Release|Any CPU
	EndGlobalSection
	GlobalSection(SolutionProperties) = preSolution
		HideSolutionNode = FALSE
	EndGlobalSection
	GlobalSection(ExtensibilityGlobals) = postSolution
		SolutionGuid = {7A81764C-6339-47E4-A84E-340D92AA5791}
	EndGlobalSection
EndGlobal
